
Microsoft Visual Studio Solution File, Format Version 12.00
# Visual Studio Version 16
VisualStudioVersion = 16.0.31112.23
MinimumVisualStudioVersion = 10.0.40219.1
Project("{FAE04EC0-301F-11D3-BF4B-00C04F79EFBC}") = "Assignment1.UWP", "Assignment1.UWP\Assignment1.UWP.csproj", "{7F47F1EE-5464-4164-866A-46EDFE59CA82}"
EndProject
Project("{FAE04EC0-301F-11D3-BF4B-00C04F79EFBC}") = "Assignment1.Android", "Assignment1.Android\Assignment1.Android.csproj", "{4B07EFF0-6656-479F-B578-F3F4D1E9EF46}"
EndProject
Project("{FAE04EC0-301F-11D3-BF4B-00C04F79EFBC}") = "Assignment1.iOS", "Assignment1.iOS\Assignment1.iOS.csproj", "{30092E4D-407F-4C64-864F-78EF3E8ACD77}"
EndProject
Project("{FAE04EC0-301F-11D3-BF4B-00C04F79EFBC}") = "Assignment1", "Assignment1\Assignment1.csproj", "{CE2C1BF3-8079-4F54-9A6E-81A087BF37FF}"
EndProject
Global
	GlobalSection(SolutionConfigurationPlatforms) = preSolution
		Debug|Any CPU = Debug|Any CPU
		Debug|ARM = Debug|ARM
		Debug|iPhone = Debug|iPhone
		Debug|iPhoneSimulator = Debug|iPhoneSimulator
		Debug|x64 = Debug|x64
		Debug|x86 = Debug|x86
		Release|Any CPU = Release|Any CPU
		Release|ARM = Release|ARM
		Release|iPhone = Release|iPhone
		Release|iPhoneSimulator = Release|iPhoneSimulator
		Release|x64 = Release|x64
		Release|x86 = Release|x86
	EndGlobalSection
	GlobalSection(ProjectConfigurationPlatforms) = postSolution
		{7F47F1EE-5464-4164-866A-46EDFE59CA82}.Debug|Any CPU.ActiveCfg = Debug|x86
		{7F47F1EE-5464-4164-866A-46EDFE59CA82}.Debug|Any CPU.Build.0 = Debug|x86
		{7F47F1EE-5464-4164-866A-46EDFE59CA82}.Debug|Any CPU.Deploy.0 = Debug|x86
		{7F47F1EE-5464-4164-866A-46EDFE59CA82}.Debug|ARM.ActiveCfg = Debug|ARM
		{7F47F1EE-5464-4164-866A-46EDFE59CA82}.Debug|ARM.Build.0 = Debug|ARM
		{7F47F1EE-5464-4164-866A-46EDFE59CA82}.Debug|ARM.Deploy.0 = Debug|ARM
		{7F47F1EE-5464-4164-866A-46EDFE59CA82}.Debug|iPhone.ActiveCfg = Debug|x86
		{7F47F1EE-5464-4164-866A-46EDFE59CA82}.Debug|iPhone.Build.0 = Debug|x86
		{7F47F1EE-5464-4164-866A-46EDFE59CA82}.Debug|iPhone.Deploy.0 = Debug|x86
		{7F47F1EE-5464-4164-866A-46EDFE59CA82}.Debug|iPhoneSimulator.ActiveCfg = Debug|x86
		{7F47F1EE-5464-4164-866A-46EDFE59CA82}.Debug|iPhoneSimulator.Build.0 = Debug|x86
		{7F47F1EE-5464-4164-866A-46EDFE59CA82}.Debug|iPhoneSimulator.Deploy.0 = Debug|x86
		{7F47F1EE-5464-4164-866A-46EDFE59CA82}.Debug|x64.ActiveCfg = Debug|x64
		{7F47F1EE-5464-4164-866A-46EDFE59CA82}.Debug|x64.Build.0 = Debug|x64
		{7F47F1EE-5464-4164-866A-46EDFE59CA82}.Debug|x64.Deploy.0 = Debug|x64
		{7F47F1EE-5464-4164-866A-46EDFE59CA82}.Debug|x86.ActiveCfg = Debug|x86
		{7F47F1EE-5464-4164-866A-46EDFE59CA82}.Debug|x86.Build.0 = Debug|x86
		{7F47F1EE-5464-4164-866A-46EDFE59CA82}.Debug|x86.Deploy.0 = Debug|x86
		{7F47F1EE-5464-4164-866A-46EDFE59CA82}.Release|Any CPU.ActiveCfg = Release|x86
		{7F47F1EE-5464-4164-866A-46EDFE59CA82}.Release|Any CPU.Build.0 = Release|x86
		{7F47F1EE-5464-4164-866A-46EDFE59CA82}.Release|Any CPU.Deploy.0 = Release|x86
		{7F47F1EE-5464-4164-866A-46EDFE59CA82}.Release|ARM.ActiveCfg = Release|ARM
		{7F47F1EE-5464-4164-866A-46EDFE59CA82}.Release|ARM.Build.0 = Release|ARM
		{7F47F1EE-5464-4164-866A-46EDFE59CA82}.Release|ARM.Deploy.0 = Release|ARM
		{7F47F1EE-5464-4164-866A-46EDFE59CA82}.Release|iPhone.ActiveCfg = Release|x86
		{7F47F1EE-5464-4164-866A-46EDFE59CA82}.Release|iPhone.Build.0 = Release|x86
		{7F47F1EE-5464-4164-866A-46EDFE59CA82}.Release|iPhone.Deploy.0 = Release|x86
		{7F47F1EE-5464-4164-866A-46EDFE59CA82}.Release|iPhoneSimulator.ActiveCfg = Release|x86
		{7F47F1EE-5464-4164-866A-46EDFE59CA82}.Release|iPhoneSimulator.Build.0 = Release|x86
		{7F47F1EE-5464-4164-866A-46EDFE59CA82}.Release|iPhoneSimulator.Deploy.0 = Release|x86
		{7F47F1EE-5464-4164-866A-46EDFE59CA82}.Release|x64.ActiveCfg = Release|x64
		{7F47F1EE-5464-4164-866A-46EDFE59CA82}.Release|x64.Build.0 = Release|x64
		{7F47F1EE-5464-4164-866A-46EDFE59CA82}.Release|x64.Deploy.0 = Release|x64
		{7F47F1EE-5464-4164-866A-46EDFE59CA82}.Release|x86.ActiveCfg = Release|x86
		{7F47F1EE-5464-4164-866A-46EDFE59CA82}.Release|x86.Build.0 = Release|x86
		{7F47F1EE-5464-4164-866A-46EDFE59CA82}.Release|x86.Deploy.0 = Release|x86
		{4B07EFF0-6656-479F-B578-F3F4D1E9EF46}.Debug|Any CPU.ActiveCfg = Debug|Any CPU
		{4B07EFF0-6656-479F-B578-F3F4D1E9EF46}.Debug|Any CPU.Build.0 = Debug|Any CPU
		{4B07EFF0-6656-479F-B578-F3F4D1E9EF46}.Debug|Any CPU.Deploy.0 = Debug|Any CPU
		{4B07EFF0-6656-479F-B578-F3F4D1E9EF46}.Debug|ARM.ActiveCfg = Debug|Any CPU
		{4B07EFF0-6656-479F-B578-F3F4D1E9EF46}.Debug|ARM.Build.0 = Debug|Any CPU
		{4B07EFF0-6656-479F-B578-F3F4D1E9EF46}.Debug|ARM.Deploy.0 = Debug|Any CPU
		{4B07EFF0-6656-479F-B578-F3F4D1E9EF46}.Debug|iPhone.ActiveCfg = Debug|Any CPU
		{4B07EFF0-6656-479F-B578-F3F4D1E9EF46}.Debug|iPhone.Build.0 = Debug|Any CPU
		{4B07EFF0-6656-479F-B578-F3F4D1E9EF46}.Debug|iPhone.Deploy.0 = Debug|Any CPU
		{4B07EFF0-6656-479F-B578-F3F4D1E9EF46}.Debug|iPhoneSimulator.ActiveCfg = Debug|Any CPU
		{4B07EFF0-6656-479F-B578-F3F4D1E9EF46}.Debug|iPhoneSimulator.Build.0 = Debug|Any CPU
		{4B07EFF0-6656-479F-B578-F3F4D1E9EF46}.Debug|iPhoneSimulator.Deploy.0 = Debug|Any CPU
		{4B07EFF0-6656-479F-B578-F3F4D1E9EF46}.Debug|x64.ActiveCfg = Debug|Any CPU
		{4B07EFF0-6656-479F-B578-F3F4D1E9EF46}.Debug|x64.Build.0 = Debug|Any CPU
		{4B07EFF0-6656-479F-B578-F3F4D1E9EF46}.Debug|x64.Deploy.0 = Debug|Any CPU
		{4B07EFF0-6656-479F-B578-F3F4D1E9EF46}.Debug|x86.ActiveCfg = Debug|Any CPU
		{4B07EFF0-6656-479F-B578-F3F4D1E9EF46}.Debug|x86.Build.0 = Debug|Any CPU
		{4B07EFF0-6656-479F-B578-F3F4D1E9EF46}.Debug|x86.Deploy.0 = Debug|Any CPU
		{4B07EFF0-6656-479F-B578-F3F4D1E9EF46}.Release|Any CPU.ActiveCfg = Release|Any CPU
		{4B07EFF0-6656-479F-B578-F3F4D1E9EF46}.Release|Any CPU.Build.0 = Release|Any CPU
		{4B07EFF0-6656-479F-B578-F3F4D1E9EF46}.Release|Any CPU.Deploy.0 = Release|Any CPU
		{4B07EFF0-6656-479F-B578-F3F4D1E9EF46}.Release|ARM.ActiveCfg = Release|Any CPU
		{4B07EFF0-6656-479F-B578-F3F4D1E9EF46}.Release|ARM.Build.0 = Release|Any CPU
		{4B07EFF0-6656-479F-B578-F3F4D1E9EF46}.Release|ARM.Deploy.0 = Release|Any CPU
		{4B07EFF0-6656-479F-B578-F3F4D1E9EF46}.Release|iPhone.ActiveCfg = Release|Any CPU
		{4B07EFF0-6656-479F-B578-F3F4D1E9EF46}.Release|iPhone.Build.0 = Release|Any CPU
		{4B07EFF0-6656-479F-B578-F3F4D1E9EF46}.Release|iPhone.Deploy.0 = Release|Any CPU
		{4B07EFF0-6656-479F-B578-F3F4D1E9EF46}.Release|iPhoneSimulator.ActiveCfg = Release|Any CPU
		{4B07EFF0-6656-479F-B578-F3F4D1E9EF46}.Release|iPhoneSimulator.Build.0 = Release|Any CPU
		{4B07EFF0-6656-479F-B578-F3F4D1E9EF46}.Release|iPhoneSimulator.Deploy.0 = Release|Any CPU
		{4B07EFF0-6656-479F-B578-F3F4D1E9EF46}.Release|x64.ActiveCfg = Release|Any CPU
		{4B07EFF0-6656-479F-B578-F3F4D1E9EF46}.Release|x64.Build.0 = Release|Any CPU
		{4B07EFF0-6656-479F-B578-F3F4D1E9EF46}.Release|x64.Deploy.0 = Release|Any CPU
		{4B07EFF0-6656-479F-B578-F3F4D1E9EF46}.Release|x86.ActiveCfg = Release|Any CPU
		{4B07EFF0-6656-479F-B578-F3F4D1E9EF46}.Release|x86.Build.0 = Release|Any CPU
		{4B07EFF0-6656-479F-B578-F3F4D1E9EF46}.Release|x86.Deploy.0 = Release|Any CPU
		{30092E4D-407F-4C64-864F-78EF3E8ACD77}.Debug|Any CPU.ActiveCfg = Debug|iPhoneSimulator
		{30092E4D-407F-4C64-864F-78EF3E8ACD77}.Debug|Any CPU.Build.0 = Debug|iPhoneSimulator
		{30092E4D-407F-4C64-864F-78EF3E8ACD77}.Debug|Any CPU.Deploy.0 = Debug|iPhoneSimulator
		{30092E4D-407F-4C64-864F-78EF3E8ACD77}.Debug|ARM.ActiveCfg = Debug|iPhone
		{30092E4D-407F-4C64-864F-78EF3E8ACD77}.Debug|ARM.Build.0 = Debug|iPhone
		{30092E4D-407F-4C64-864F-78EF3E8ACD77}.Debug|ARM.Deploy.0 = Debug|iPhone
		{30092E4D-407F-4C64-864F-78EF3E8ACD77}.Debug|iPhone.ActiveCfg = Debug|iPhone
		{30092E4D-407F-4C64-864F-78EF3E8ACD77}.Debug|iPhone.Build.0 = Debug|iPhone
		{30092E4D-407F-4C64-864F-78EF3E8ACD77}.Debug|iPhone.Deploy.0 = Debug|iPhone
		{30092E4D-407F-4C64-864F-78EF3E8ACD77}.Debug|iPhoneSimulator.ActiveCfg = Debug|iPhoneSimulator
		{30092E4D-407F-4C64-864F-78EF3E8ACD77}.Debug|iPhoneSimulator.Build.0 = Debug|iPhoneSimulator
		{30092E4D-407F-4C64-864F-78EF3E8ACD77}.Debug|iPhoneSimulator.Deploy.0 = Debug|iPhoneSimulator
		{30092E4D-407F-4C64-864F-78EF3E8ACD77}.Debug|x64.ActiveCfg = Debug|iPhoneSimulator
		{30092E4D-407F-4C64-864F-78EF3E8ACD77}.Debug|x64.Build.0 = Debug|iPhoneSimulator
		{30092E4D-407F-4C64-864F-78EF3E8ACD77}.Debug|x64.Deploy.0 = Debug|iPhoneSimulator
		{30092E4D-407F-4C64-864F-78EF3E8ACD77}.Debug|x86.ActiveCfg = Debug|iPhoneSimulator
		{30092E4D-407F-4C64-864F-78EF3E8ACD77}.Debug|x86.Build.0 = Debug|iPhoneSimulator
		{30092E4D-407F-4C64-864F-78EF3E8ACD77}.Debug|x86.Deploy.0 = Debug|iPhoneSimulator
		{30092E4D-407F-4C64-864F-78EF3E8ACD77}.Release|Any CPU.ActiveCfg = Release|iPhoneSimulator
		{30092E4D-407F-4C64-864F-78EF3E8ACD77}.Release|Any CPU.Build.0 = Release|iPhoneSimulator
		{30092E4D-407F-4C64-864F-78EF3E8ACD77}.Release|Any CPU.Deploy.0 = Release|iPhoneSimulator
		{30092E4D-407F-4C64-864F-78EF3E8ACD77}.Release|ARM.ActiveCfg = Release|iPhoneSimulator
		{30092E4D-407F-4C64-864F-78EF3E8ACD77}.Release|ARM.Build.0 = Release|iPhoneSimulator
		{30092E4D-407F-4C64-864F-78EF3E8ACD77}.Release|ARM.Deploy.0 = Release|iPhoneSimulator
		{30092E4D-407F-4C64-864F-78EF3E8ACD77}.Release|iPhone.ActiveCfg = Release|iPhone
		{30092E4D-407F-4C64-864F-78EF3E8ACD77}.Release|iPhone.Build.0 = Release|iPhone
		{30092E4D-407F-4C64-864F-78EF3E8ACD77}.Release|iPhone.Deploy.0 = Release|iPhone
		{30092E4D-407F-4C64-864F-78EF3E8ACD77}.Release|iPhoneSimulator.ActiveCfg = Release|iPhoneSimulator
		{30092E4D-407F-4C64-864F-78EF3E8ACD77}.Release|iPhoneSimulator.Build.0 = Release|iPhoneSimulator
		{30092E4D-407F-4C64-864F-78EF3E8ACD77}.Release|iPhoneSimulator.Deploy.0 = Release|iPhoneSimulator
		{30092E4D-407F-4C64-864F-78EF3E8ACD77}.Release|x64.ActiveCfg = Release|iPhoneSimulator
		{30092E4D-407F-4C64-864F-78EF3E8ACD77}.Release|x64.Build.0 = Release|iPhoneSimulator
		{30092E4D-407F-4C64-864F-78EF3E8ACD77}.Release|x64.Deploy.0 = Release|iPhoneSimulator
		{30092E4D-407F-4C64-864F-78EF3E8ACD77}.Release|x86.ActiveCfg = Release|iPhoneSimulator
		{30092E4D-407F-4C64-864F-78EF3E8ACD77}.Release|x86.Build.0 = Release|iPhoneSimulator
		{30092E4D-407F-4C64-864F-78EF3E8ACD77}.Release|x86.Deploy.0 = Release|iPhoneSimulator
		{CE2C1BF3-8079-4F54-9A6E-81A087BF37FF}.Debug|Any CPU.ActiveCfg = Debug|Any CPU
		{CE2C1BF3-8079-4F54-9A6E-81A087BF37FF}.Debug|Any CPU.Build.0 = Debug|Any CPU
		{CE2C1BF3-8079-4F54-9A6E-81A087BF37FF}.Debug|Any CPU.Deploy.0 = Debug|Any CPU
		{CE2C1BF3-8079-4F54-9A6E-81A087BF37FF}.Debug|ARM.ActiveCfg = Debug|Any CPU
		{CE2C1BF3-8079-4F54-9A6E-81A087BF37FF}.Debug|ARM.Build.0 = Debug|Any CPU
		{CE2C1BF3-8079-4F54-9A6E-81A087BF37FF}.Debug|ARM.Deploy.0 = Debug|Any CPU
		{CE2C1BF3-8079-4F54-9A6E-81A087BF37FF}.Debug|iPhone.ActiveCfg = Debug|Any CPU
		{CE2C1BF3-8079-4F54-9A6E-81A087BF37FF}.Debug|iPhone.Build.0 = Debug|Any CPU
		{CE2C1BF3-8079-4F54-9A6E-81A087BF37FF}.Debug|iPhone.Deploy.0 = Debug|Any CPU
		{CE2C1BF3-8079-4F54-9A6E-81A087BF37FF}.Debug|iPhoneSimulator.ActiveCfg = Debug|Any CPU
		{CE2C1BF3-8079-4F54-9A6E-81A087BF37FF}.Debug|iPhoneSimulator.Build.0 = Debug|Any CPU
		{CE2C1BF3-8079-4F54-9A6E-81A087BF37FF}.Debug|iPhoneSimulator.Deploy.0 = Debug|Any CPU
		{CE2C1BF3-8079-4F54-9A6E-81A087BF37FF}.Debug|x64.ActiveCfg = Debug|Any CPU
		{CE2C1BF3-8079-4F54-9A6E-81A087BF37FF}.Debug|x64.Build.0 = Debug|Any CPU
		{CE2C1BF3-8079-4F54-9A6E-81A087BF37FF}.Debug|x64.Deploy.0 = Debug|Any CPU
		{CE2C1BF3-8079-4F54-9A6E-81A087BF37FF}.Debug|x86.ActiveCfg = Debug|Any CPU
		{CE2C1BF3-8079-4F54-9A6E-81A087BF37FF}.Debug|x86.Build.0 = Debug|Any CPU
		{CE2C1BF3-8079-4F54-9A6E-81A087BF37FF}.Debug|x86.Deploy.0 = Debug|Any CPU
		{CE2C1BF3-8079-4F54-9A6E-81A087BF37FF}.Release|Any CPU.ActiveCfg = Release|Any CPU
		{CE2C1BF3-8079-4F54-9A6E-81A087BF37FF}.Release|Any CPU.Build.0 = Release|Any CPU
		{CE2C1BF3-8079-4F54-9A6E-81A087BF37FF}.Release|Any CPU.Deploy.0 = Release|Any CPU
		{CE2C1BF3-8079-4F54-9A6E-81A087BF37FF}.Release|ARM.ActiveCfg = Release|Any CPU
		{CE2C1BF3-8079-4F54-9A6E-81A087BF37FF}.Release|ARM.Build.0 = Release|Any CPU
		{CE2C1BF3-8079-4F54-9A6E-81A087BF37FF}.Release|ARM.Deploy.0 = Release|Any CPU
		{CE2C1BF3-8079-4F54-9A6E-81A087BF37FF}.Release|iPhone.ActiveCfg = Release|Any CPU
		{CE2C1BF3-8079-4F54-9A6E-81A087BF37FF}.Release|iPhone.Build.0 = Release|Any CPU
		{CE2C1BF3-8079-4F54-9A6E-81A087BF37FF}.Release|iPhone.Deploy.0 = Release|Any CPU
		{CE2C1BF3-8079-4F54-9A6E-81A087BF37FF}.Release|iPhoneSimulator.ActiveCfg = Release|Any CPU
		{CE2C1BF3-8079-4F54-9A6E-81A087BF37FF}.Release|iPhoneSimulator.Build.0 = Release|Any CPU
		{CE2C1BF3-8079-4F54-9A6E-81A087BF37FF}.Release|iPhoneSimulator.Deploy.0 = Release|Any CPU
		{CE2C1BF3-8079-4F54-9A6E-81A087BF37FF}.Release|x64.ActiveCfg = Release|Any CPU
		{CE2C1BF3-8079-4F54-9A6E-81A087BF37FF}.Release|x64.Build.0 = Release|Any CPU
		{CE2C1BF3-8079-4F54-9A6E-81A087BF37FF}.Release|x64.Deploy.0 = Release|Any CPU
		{CE2C1BF3-8079-4F54-9A6E-81A087BF37FF}.Release|x86.ActiveCfg = Release|Any CPU
		{CE2C1BF3-8079-4F54-9A6E-81A087BF37FF}.Release|x86.Build.0 = Release|Any CPU
		{CE2C1BF3-8079-4F54-9A6E-81A087BF37FF}.Release|x86.Deploy.0 = Release|Any CPU
	EndGlobalSection
	GlobalSection(SolutionProperties) = preSolution
		HideSolutionNode = FALSE
	EndGlobalSection
	GlobalSection(ExtensibilityGlobals) = postSolution
		SolutionGuid = {69B38332-6684-402E-B2D9-9727FC92B054}
	EndGlobalSection
EndGlobal
